
Microsoft Visual Studio Solution File, Format Version 12.00
# Visual Studio Version 17
VisualStudioVersion = 17.2.32519.379
MinimumVisualStudioVersion = 10.0.40219.1
Project("{9A19103F-16F7-4668-BE54-9A1E7A4F7556}") = "Inventory.DesktopClient", "Inventory.DesktopClient\Inventory.DesktopClient.csproj", "{20BB0783-E0D3-4BBD-A4B0-13E0CE4C6329}"
EndProject
Project("{9A19103F-16F7-4668-BE54-9A1E7A4F7556}") = "Inventory.Models", "Inventory.Models\Inventory.Models.csproj", "{54786346-A8BF-4E5E-8695-34754468E8C4}"
EndProject
Project("{FAE04EC0-301F-11D3-BF4B-00C04F79EFBC}") = "Inventory.RecipesStorage", "Inventory.RecipesStorage\Inventory.RecipesStorage.csproj", "{D5363839-B3B6-498F-AA23-2C78553074B7}"
EndProject
Global
	GlobalSection(SolutionConfigurationPlatforms) = preSolution
		Debug|Any CPU = Debug|Any CPU
		Release|Any CPU = Release|Any CPU
	EndGlobalSection
	GlobalSection(ProjectConfigurationPlatforms) = postSolution
		{20BB0783-E0D3-4BBD-A4B0-13E0CE4C6329}.Debug|Any CPU.ActiveCfg = Debug|Any CPU
		{20BB0783-E0D3-4BBD-A4B0-13E0CE4C6329}.Debug|Any CPU.Build.0 = Debug|Any CPU
		{20BB0783-E0D3-4BBD-A4B0-13E0CE4C6329}.Release|Any CPU.ActiveCfg = Release|Any CPU
		{20BB0783-E0D3-4BBD-A4B0-13E0CE4C6329}.Release|Any CPU.Build.0 = Release|Any CPU
		{54786346-A8BF-4E5E-8695-34754468E8C4}.Debug|Any CPU.ActiveCfg = Debug|Any CPU
		{54786346-A8BF-4E5E-8695-34754468E8C4}.Debug|Any CPU.Build.0 = Debug|Any CPU
		{54786346-A8BF-4E5E-8695-34754468E8C4}.Release|Any CPU.ActiveCfg = Release|Any CPU
		{54786346-A8BF-4E5E-8695-34754468E8C4}.Release|Any CPU.Build.0 = Release|Any CPU
		{D5363839-B3B6-498F-AA23-2C78553074B7}.Debug|Any CPU.ActiveCfg = Debug|Any CPU
		{D5363839-B3B6-498F-AA23-2C78553074B7}.Debug|Any CPU.Build.0 = Debug|Any CPU
		{D5363839-B3B6-498F-AA23-2C78553074B7}.Release|Any CPU.ActiveCfg = Release|Any CPU
		{D5363839-B3B6-498F-AA23-2C78553074B7}.Release|Any CPU.Build.0 = Release|Any CPU
	EndGlobalSection
	GlobalSection(SolutionProperties) = preSolution
		HideSolutionNode = FALSE
	EndGlobalSection
	GlobalSection(ExtensibilityGlobals) = postSolution
		SolutionGuid = {3A9A4752-BD58-4544-8251-490EB8DE3EB1}
	EndGlobalSection
EndGlobal
